
Microsoft Visual Studio Solution File, Format Version 12.00
# Visual Studio Version 17
VisualStudioVersion = 17.1.32328.378
MinimumVisualStudioVersion = 10.0.40219.1
Project("{2150E333-8FDC-42A3-9474-1A3956D46DE8}") = "src", "src", "{168F149C-873A-4348-B758-388EFCF1BAB6}"
EndProject
Project("{FAE04EC0-301F-11D3-BF4B-00C04F79EFBC}") = "GasGuru.Entities", "src\GasGuru.Entities\GasGuru.Entities.csproj", "{5C88B950-CEE8-418D-A2AE-E2EA36029D46}"
EndProject
Project("{FAE04EC0-301F-11D3-BF4B-00C04F79EFBC}") = "GasGuru.Database", "src\GasGuru.Database\GasGuru.Database.csproj", "{F07828EB-66CD-4426-8664-98C6D4DFCA50}"
EndProject
Global
	GlobalSection(SolutionConfigurationPlatforms) = preSolution
		Debug|Any CPU = Debug|Any CPU
		Release|Any CPU = Release|Any CPU
	EndGlobalSection
	GlobalSection(ProjectConfigurationPlatforms) = postSolution
		{5C88B950-CEE8-418D-A2AE-E2EA36029D46}.Debug|Any CPU.ActiveCfg = Debug|Any CPU
		{5C88B950-CEE8-418D-A2AE-E2EA36029D46}.Debug|Any CPU.Build.0 = Debug|Any CPU
		{5C88B950-CEE8-418D-A2AE-E2EA36029D46}.Release|Any CPU.ActiveCfg = Release|Any CPU
		{5C88B950-CEE8-418D-A2AE-E2EA36029D46}.Release|Any CPU.Build.0 = Release|Any CPU
		{F07828EB-66CD-4426-8664-98C6D4DFCA50}.Debug|Any CPU.ActiveCfg = Debug|Any CPU
		{F07828EB-66CD-4426-8664-98C6D4DFCA50}.Debug|Any CPU.Build.0 = Debug|Any CPU
		{F07828EB-66CD-4426-8664-98C6D4DFCA50}.Release|Any CPU.ActiveCfg = Release|Any CPU
		{F07828EB-66CD-4426-8664-98C6D4DFCA50}.Release|Any CPU.Build.0 = Release|Any CPU
	EndGlobalSection
	GlobalSection(SolutionProperties) = preSolution
		HideSolutionNode = FALSE
	EndGlobalSection
	GlobalSection(NestedProjects) = preSolution
		{5C88B950-CEE8-418D-A2AE-E2EA36029D46} = {168F149C-873A-4348-B758-388EFCF1BAB6}
		{F07828EB-66CD-4426-8664-98C6D4DFCA50} = {168F149C-873A-4348-B758-388EFCF1BAB6}
	EndGlobalSection
	GlobalSection(ExtensibilityGlobals) = postSolution
		SolutionGuid = {67116A9F-F15E-4B63-B393-19D8AE4B56F1}
	EndGlobalSection
EndGlobal
